
Microsoft Visual Studio Solution File, Format Version 12.00
# Visual Studio Version 16
VisualStudioVersion = 16.0.29613.14
MinimumVisualStudioVersion = 10.0.40219.1
Project("{9A19103F-16F7-4668-BE54-9A1E7A4F7556}") = "Be.Stateless.Common", "src\Be.Stateless.Common\Be.Stateless.Common.csproj", "{783D0279-F4D4-44F0-AC83-F4D5B066A284}"
EndProject
Project("{9A19103F-16F7-4668-BE54-9A1E7A4F7556}") = "Be.Stateless.Common.Tests", "src\Be.Stateless.Common.Tests\Be.Stateless.Common.Tests.csproj", "{6A503582-C542-4A6C-9E58-4AFD6BEEE9B9}"
EndProject
Project("{2150E333-8FDC-42A3-9474-1A3956D46DE8}") = "Solution Items", "Solution Items", "{FB2DB540-81B8-4FA6-A37F-2DD74DE501FC}"
	ProjectSection(SolutionItems) = preProject
		.settings\.editorconfig = .settings\.editorconfig
	EndProjectSection
EndProject
Project("{9A19103F-16F7-4668-BE54-9A1E7A4F7556}") = "Be.Stateless.Common.Unit", "src\Be.Stateless.Common.Unit\Be.Stateless.Common.Unit.csproj", "{A55AC9FE-2F63-4002-A1E0-CC894DCCE28B}"
EndProject
Project("{9A19103F-16F7-4668-BE54-9A1E7A4F7556}") = "Be.Stateless.Common.Unit.Tests", "src\Be.Stateless.Common.Unit.Tests\Be.Stateless.Common.Unit.Tests.csproj", "{ACF20451-6723-4F9A-AF9E-36598C83FBB9}"
EndProject
Global
	GlobalSection(SolutionConfigurationPlatforms) = preSolution
		Debug|Any CPU = Debug|Any CPU
		Release|Any CPU = Release|Any CPU
	EndGlobalSection
	GlobalSection(ProjectConfigurationPlatforms) = postSolution
		{783D0279-F4D4-44F0-AC83-F4D5B066A284}.Debug|Any CPU.ActiveCfg = Debug|Any CPU
		{783D0279-F4D4-44F0-AC83-F4D5B066A284}.Debug|Any CPU.Build.0 = Debug|Any CPU
		{783D0279-F4D4-44F0-AC83-F4D5B066A284}.Release|Any CPU.ActiveCfg = Release|Any CPU
		{783D0279-F4D4-44F0-AC83-F4D5B066A284}.Release|Any CPU.Build.0 = Release|Any CPU
		{6A503582-C542-4A6C-9E58-4AFD6BEEE9B9}.Debug|Any CPU.ActiveCfg = Debug|Any CPU
		{6A503582-C542-4A6C-9E58-4AFD6BEEE9B9}.Debug|Any CPU.Build.0 = Debug|Any CPU
		{6A503582-C542-4A6C-9E58-4AFD6BEEE9B9}.Release|Any CPU.ActiveCfg = Release|Any CPU
		{6A503582-C542-4A6C-9E58-4AFD6BEEE9B9}.Release|Any CPU.Build.0 = Release|Any CPU
		{A55AC9FE-2F63-4002-A1E0-CC894DCCE28B}.Debug|Any CPU.ActiveCfg = Debug|Any CPU
		{A55AC9FE-2F63-4002-A1E0-CC894DCCE28B}.Debug|Any CPU.Build.0 = Debug|Any CPU
		{A55AC9FE-2F63-4002-A1E0-CC894DCCE28B}.Release|Any CPU.ActiveCfg = Release|Any CPU
		{A55AC9FE-2F63-4002-A1E0-CC894DCCE28B}.Release|Any CPU.Build.0 = Release|Any CPU
		{ACF20451-6723-4F9A-AF9E-36598C83FBB9}.Debug|Any CPU.ActiveCfg = Debug|Any CPU
		{ACF20451-6723-4F9A-AF9E-36598C83FBB9}.Debug|Any CPU.Build.0 = Debug|Any CPU
		{ACF20451-6723-4F9A-AF9E-36598C83FBB9}.Release|Any CPU.ActiveCfg = Release|Any CPU
		{ACF20451-6723-4F9A-AF9E-36598C83FBB9}.Release|Any CPU.Build.0 = Release|Any CPU
	EndGlobalSection
	GlobalSection(SolutionProperties) = preSolution
		HideSolutionNode = FALSE
	EndGlobalSection
	GlobalSection(ExtensibilityGlobals) = postSolution
		SolutionGuid = {6CF9E8B4-62C5-4425-AF40-257B24493440}
	EndGlobalSection
EndGlobal
